
Microsoft Visual Studio Solution File, Format Version 12.00
# Visual Studio Version 17
VisualStudioVersion = 17.7.34202.233
MinimumVisualStudioVersion = 10.0.40219.1
Project("{FAE04EC0-301F-11D3-BF4B-00C04F79EFBC}") = "StarLight.Core", "StarLight.Core.csproj", "{31804C47-220A-4EBA-85E4-041D2153D853}"
EndProject
Global
	GlobalSection(SolutionConfigurationPlatforms) = preSolution
		Debug|Any CPU = Debug|Any CPU
		Release|Any CPU = Release|Any CPU
	EndGlobalSection
	GlobalSection(ProjectConfigurationPlatforms) = postSolution
		{31804C47-220A-4EBA-85E4-041D2153D853}.Debug|Any CPU.ActiveCfg = Debug|Any CPU
		{31804C47-220A-4EBA-85E4-041D2153D853}.Debug|Any CPU.Build.0 = Debug|Any CPU
		{31804C47-220A-4EBA-85E4-041D2153D853}.Release|Any CPU.ActiveCfg = Release|Any CPU
		{31804C47-220A-4EBA-85E4-041D2153D853}.Release|Any CPU.Build.0 = Release|Any CPU
	EndGlobalSection
	GlobalSection(SolutionProperties) = preSolution
		HideSolutionNode = FALSE
	EndGlobalSection
	GlobalSection(ExtensibilityGlobals) = postSolution
		SolutionGuid = {F62A742A-B326-44C4-98F1-11865C5A9F97}
	EndGlobalSection
EndGlobal
